// !$*UTF8*$!
{
	archiveVersion = 1;
	classes = {
	};
	objectVersion = 46;
	objects = {

/* Begin PBXBuildFile section */
		C0F29FA61E8BDE0C00F207C6 /* main.m in Sources */ = {isa = PBXBuildFile; fileRef = C0F29FA51E8BDE0C00F207C6 /* main.m */; };
		C0F29FAE1E8BDE2700F207C6 /* ClassA.m in Sources */ = {isa = PBXBuildFile; fileRef = C0F29FAD1E8BDE2700F207C6 /* ClassA.m */; };
		C0F29FB11E8BDE3100F207C6 /* ClassB.m in Sources */ = {isa = PBXBuildFile; fileRef = C0F29FB01E8BDE3100F207C6 /* ClassB.m */; };
		C0F29FB41E8BDE3C00F207C6 /* ClassC.m in Sources */ = {isa = PBXBuildFile; fileRef = C0F29FB31E8BDE3C00F207C6 /* ClassC.m */; };
/* End PBXBuildFile section */

/* Begin PBXCopyFilesBuildPhase section */
		C0F29FA01E8BDE0C00F207C6 /* CopyFiles */ = {
			isa = PBXCopyFilesBuildPhase;
			buildActionMask = 2147483647;
			dstPath = /usr/share/man/man1/;
			dstSubfolderSpec = 0;
			files = (
			);
			runOnlyForDeploymentPostprocessing = 1;
		};
/* End PBXCopyFilesBuildPhase section */

/* Begin PBXFileReference section */
		C0F29FA21E8BDE0C00F207C6 /* 6.3.2 */ = {isa = PBXFileReference; explicitFileType = "compiled.mach-o.executable"; includeInIndex = 0; path = 6.3.2; sourceTree = BUILT_PRODUCTS_DIR; };
		C0F29FA51E8BDE0C00F207C6 /* main.m */ = {isa = PBXFileReference; lastKnownFileType = sourcecode.c.objc; path = main.m; sourceTree = "<group>"; };
		C0F29FAC1E8BDE2700F207C6 /* ClassA.h */ = {isa = PBXFileReference; fileEncoding = 4; lastKnownFileType = sourcecode.c.h; path = ClassA.h; sourceTree = "<group>"; };
		C0F29FAD1E8BDE2700F207C6 /* ClassA.m */ = {isa = PBXFileReference; fileEncoding = 4; lastKnownFileType = sourcecode.c.objc; path = ClassA.m; sourceTree = "<group>"; };
		C0F29FAF1E8BDE3100F207C6 /* ClassB.h */ = {isa = PBXFileReference; fileEncoding = 4; lastKnownFileType = sourcecode.c.h; path = ClassB.h; sourceTree = "<group>"; };
		C0F29FB01E8BDE3100F207C6 /* ClassB.m */ = {isa = PBXFileReference; fileEncoding = 4; lastKnownFileType = sourcecode.c.objc; path = ClassB.m; sourceTree = "<group>"; };
		C0F29FB21E8BDE3C00F207C6 /* ClassC.h */ = {isa = PBXFileReference; fileEncoding = 4; lastKnownFileType = sourcecode.c.h; path = ClassC.h; sourceTree = "<group>"; };
		C0F29FB31E8BDE3C00F207C6 /* ClassC.m */ = {isa = PBXFileReference; fileEncoding = 4; lastKnownFileType = sourcecode.c.objc; path = ClassC.m; sourceTree = "<group>"; };
/* End PBXFileReference section */

/* Begin PBXFrameworksBuildPhase section */
		C0F29F9F1E8BDE0C00F207C6 /* Frameworks */ = {
			isa = PBXFrameworksBuildPhase;
			buildActionMask = 2147483647;
			files = (
			);
			runOnlyForDeploymentPostprocessing = 0;
		};
/* End PBXFrameworksBuildPhase section */

/* Begin PBXGroup section */
		C0F29F991E8BDE0C00F207C6 = {
			isa = PBXGroup;
			children = (
				C0F29FA41E8BDE0C00F207C6 /* 6.3.2 */,
				C0F29FA31E8BDE0C00F207C6 /* Products */,
			);
			sourceTree = "<group>";
		};
		C0F29FA31E8BDE0C00F207C6 /* Products */ = {
			isa = PBXGroup;
			children = (
				C0F29FA21E8BDE0C00F207C6 /* 6.3.2 */,
			);
			name = Products;
			sourceTree = "<group>";
		};
		C0F29FA41E8BDE0C00F207C6 /* 6.3.2 */ = {
			isa = PBXGroup;
			children = (
				C0F29FA51E8BDE0C00F207C6 /* main.m */,
				C0F29FAC1E8BDE2700F207C6 /* ClassA.h */,
				C0F29FAD1E8BDE2700F207C6 /* ClassA.m */,
				C0F29FAF1E8BDE3100F207C6 /* ClassB.h */,
				C0F29FB01E8BDE3100F207C6 /* ClassB.m */,
				C0F29FB21E8BDE3C00F207C6 /* ClassC.h */,
				C0F29FB31E8BDE3C00F207C6 /* ClassC.m */,
			);
			path = 6.3.2;
			sourceTree = "<group>";
		};
/* End PBXGroup section */

/* Begin PBXNativeTarget section */
		C0F29FA11E8BDE0C00F207C6 /* 6.3.2 */ = {
			isa = PBXNativeTarget;
			buildConfigurationList = C0F29FA91E8BDE0C00F207C6 /* Build configuration list for PBXNativeTarget "6.3.2" */;
			buildPhases = (
				C0F29F9E1E8BDE0C00F207C6 /* Sources */,
				C0F29F9F1E8BDE0C00F207C6 /* Frameworks */,
				C0F29FA01E8BDE0C00F207C6 /* CopyFiles */,
			);
			buildRules = (
			);
			dependencies = (
			);
			name = 6.3.2;
			productName = 6.3.2;
			productReference = C0F29FA21E8BDE0C00F207C6 /* 6.3.2 */;
			productType = "com.apple.product-type.tool";
		};
/* End PBXNativeTarget section */

/* Begin PBXProject section */
		C0F29F9A1E8BDE0C00F207C6 /* Project object */ = {
			isa = PBXProject;
			attributes = {
				LastUpgradeCheck = 0820;
				ORGANIZATIONNAME = Liz;
				TargetAttributes = {
					C0F29FA11E8BDE0C00F207C6 = {
						CreatedOnToolsVersion = 8.2;
						ProvisioningStyle = Automatic;
					};
				};
			};
			buildConfigurationList = C0F29F9D1E8BDE0C00F207C6 /* Build configuration list for PBXProject "6.3.2" */;
			compatibilityVersion = "Xcode 3.2";
			developmentRegion = English;
			hasScannedForEncodings = 0;
			knownRegions = (
				en,
			);
			mainGroup = C0F29F991E8BDE0C00F207C6;
			productRefGroup = C0F29FA31E8BDE0C00F207C6 /* Products */;
			projectDirPath = "";
			projectRoot = "";
			targets = (
				C0F29FA11E8BDE0C00F207C6 /* 6.3.2 */,
			);
		};
/* End PBXProject section */

/* Begin PBXSourcesBuildPhase section */
		C0F29F9E1E8BDE0C00F207C6 /* Sources */ = {
			isa = PBXSourcesBuildPhase;
			buildActionMask = 2147483647;
			files = (
				C0F29FB41E8BDE3C00F207C6 /* ClassC.m in Sources */,
				C0F29FB11E8BDE3100F207C6 /* ClassB.m in Sources */,
				C0F29FAE1E8BDE2700F207C6 /* ClassA.m in Sources */,
				C0F29FA61E8BDE0C00F207C6 /* main.m in Sources */,
			);
			runOnlyForDeploymentPostprocessing = 0;
		};
/* End PBXSourcesBuildPhase section */

/* Begin XCBuildConfiguration section */
		C0F29FA71E8BDE0C00F207C6 /* Debug */ = {
			isa = XCBuildConfiguration;
			buildSettings = {
				ALWAYS_SEARCH_USER_PATHS = NO;
				CLANG_ANALYZER_NONNULL = YES;
				CLANG_CXX_LANGUAGE_STANDARD = "gnu++0x";
				CLANG_CXX_LIBRARY = "libc++";
				CLANG_ENABLE_MODULES = YES;
				CLANG_ENABLE_OBJC_ARC = YES;
				CLANG_WARN_BOOL_CONVERSION = YES;
				CLANG_WARN_CONSTANT_CONVERSION = YES;
				CLANG_WARN_DIRECT_OBJC_ISA_USAGE = YES_ERROR;
				CLANG_WARN_DOCUMENTATION_COMMENTS = YES;
				CLANG_WARN_EMPTY_BODY = YES;
				CLANG_WARN_ENUM_CONVERSION = YES;
				CLANG_WARN_INFINITE_RECURSION = YES;
				CLANG_WARN_INT_CONVERSION = YES;
				CLANG_WARN_OBJC_ROOT_CLASS = YES_ERROR;
				CLANG_WARN_SUSPICIOUS_MOVE = YES;
				CLANG_WARN_UNREACHABLE_CODE = YES;
				CLANG_WARN__DUPLICATE_METHOD_MATCH = YES;
				CODE_SIGN_IDENTITY = "-";
				COPY_PHASE_STRIP = NO;
				DEBUG_INFORMATION_FORMAT = dwarf;
				ENABLE_STRICT_OBJC_MSGSEND = YES;
				ENABLE_TESTABILITY = YES;
				GCC_C_LANGUAGE_STANDARD = gnu99;
				GCC_DYNAMIC_NO_PIC = NO;
				GCC_NO_COMMON_BLOCKS = YES;
				GCC_OPTIMIZATION_LEVEL = 0;
				GCC_PREPROCESSOR_DEFINITIONS = (
					"DEBUG=1",
					"$(inherited)",
				);
				GCC_WARN_64_TO_32_BIT_CONVERSION = YES;
				GCC_WARN_ABOUT_RETURN_TYPE = YES_ERROR;
				GCC_WARN_UNDECLARED_SELECTOR = YES;
				GCC_WARN_UNINITIALIZED_AUTOS = YES_AGGRESSIVE;
				GCC_WARN_UNUSED_FUNCTION = YES;
				GCC_WARN_UNUSED_VARIABLE = YES;
				MACOSX_DEPLOYMENT_TARGET = 10.12;
				MTL_ENABLE_DEBUG_INFO = YES;
				ONLY_ACTIVE_ARCH = YES;
				SDKROOT = macosx;
			};
			name = Debug;
		};
		C0F29FA81E8BDE0C00F207C6 /* Release */ = {
			isa = XCBuildConfiguration;
			buildSettings = {
				ALWAYS_SEARCH_USER_PATHS = NO;
				CLANG_ANALYZER_NONNULL = YES;
				CLANG_CXX_LANGUAGE_STANDARD = "gnu++0x";
				CLANG_CXX_LIBRARY = "libc++";
				CLANG_ENABLE_MODULES = YES;
				CLANG_ENABLE_OBJC_ARC = YES;
				CLANG_WARN_BOOL_CONVERSION = YES;
				CLANG_WARN_CONSTANT_CONVERSION = YES;
				CLANG_WARN_DIRECT_OBJC_ISA_USAGE = YES_ERROR;
				CLANG_WARN_DOCUMENTATION_COMMENTS = YES;
				CLANG_WARN_EMPTY_BODY = YES;
				CLANG_WARN_ENUM_CONVERSION = YES;
				CLANG_WARN_INFINITE_RECURSION = YES;
				CLANG_WARN_INT_CONVERSION = YES;
				CLANG_WARN_OBJC_ROOT_CLASS = YES_ERROR;
				CLANG_WARN_SUSPICIOUS_MOVE = YES;
				CLANG_WARN_UNREACHABLE_CODE = YES;
				CLANG_WARN__DUPLICATE_METHOD_MATCH = YES;
				CODE_SIGN_IDENTITY = "-";
				COPY_PHASE_STRIP = NO;
				DEBUG_INFORMATION_FORMAT = "dwarf-with-dsym";
				ENABLE_NS_ASSERTIONS = NO;
				ENABLE_STRICT_OBJC_MSGSEND = YES;
				GCC_C_LANGUAGE_STANDARD = gnu99;
				GCC_NO_COMMON_BLOCKS = YES;
				GCC_WARN_64_TO_32_BIT_CONVERSION = YES;
				GCC_WARN_ABOUT_RETURN_TYPE = YES_ERROR;
				GCC_WARN_UNDECLARED_SELECTOR = YES;
				GCC_WARN_UNINITIALIZED_AUTOS = YES_AGGRESSIVE;
				GCC_WARN_UNUSED_FUNCTION = YES;
				GCC_WARN_UNUSED_VARIABLE = YES;
				MACOSX_DEPLOYMENT_TARGET = 10.12;
				MTL_ENABLE_DEBUG_INFO = NO;
				SDKROOT = macosx;
			};
			name = Release;
		};
		C0F29FAA1E8BDE0C00F207C6 /* Debug */ = {
			isa = XCBuildConfiguration;
			buildSettings = {
				PRODUCT_NAME = "$(TARGET_NAME)";
			};
			name = Debug;
		};
		C0F29FAB1E8BDE0C00F207C6 /* Release */ = {
			isa = XCBuildConfiguration;
			buildSettings = {
				PRODUCT_NAME = "$(TARGET_NAME)";
			};
			name = Release;
		};
/* End XCBuildConfiguration section */

/* Begin XCConfigurationList section */
		C0F29F9D1E8BDE0C00F207C6 /* Build configuration list for PBXProject "6.3.2" */ = {
			isa = XCConfigurationList;
			buildConfigurations = (
				C0F29FA71E8BDE0C00F207C6 /* Debug */,
				C0F29FA81E8BDE0C00F207C6 /* Release */,
			);
			defaultConfigurationIsVisible = 0;
			defaultConfigurationName = Release;
		};
		C0F29FA91E8BDE0C00F207C6 /* Build configuration list for PBXNativeTarget "6.3.2" */ = {
			isa = XCConfigurationList;
			buildConfigurations = (
				C0F29FAA1E8BDE0C00F207C6 /* Debug */,
				C0F29FAB1E8BDE0C00F207C6 /* Release */,
			);
			defaultConfigurationIsVisible = 0;
		};
/* End XCConfigurationList section */
	};
	rootObject = C0F29F9A1E8BDE0C00F207C6 /* Project object */;
}
